
Microsoft Visual Studio Solution File, Format Version 12.00
# Visual Studio Version 17
VisualStudioVersion = 17.0.31903.59
MinimumVisualStudioVersion = 10.0.40219.1
Project("{FAE04EC0-301F-11D3-BF4B-00C04F79EFBC}") = "EasyParking", "EasyParking.csproj", "{ED821225-46EC-415B-AACB-F6FDE50D9856}"
EndProject
Project("{FAE04EC0-301F-11D3-BF4B-00C04F79EFBC}") = "EasyParking.Tests.Unit", "..\tests\EasyParking.Tests.Unit\EasyParking.Tests.Unit.csproj", "{A252FB91-3744-43A5-82A2-9679C934903C}"
EndProject
Global
	GlobalSection(SolutionConfigurationPlatforms) = preSolution
		Debug|Any CPU = Debug|Any CPU
		Release|Any CPU = Release|Any CPU
	EndGlobalSection
	GlobalSection(ProjectConfigurationPlatforms) = postSolution
		{ED821225-46EC-415B-AACB-F6FDE50D9856}.Debug|Any CPU.ActiveCfg = Debug|Any CPU
		{ED821225-46EC-415B-AACB-F6FDE50D9856}.Debug|Any CPU.Build.0 = Debug|Any CPU
		{ED821225-46EC-415B-AACB-F6FDE50D9856}.Release|Any CPU.ActiveCfg = Release|Any CPU
		{ED821225-46EC-415B-AACB-F6FDE50D9856}.Release|Any CPU.Build.0 = Release|Any CPU
		{A252FB91-3744-43A5-82A2-9679C934903C}.Debug|Any CPU.ActiveCfg = Debug|Any CPU
		{A252FB91-3744-43A5-82A2-9679C934903C}.Debug|Any CPU.Build.0 = Debug|Any CPU
		{A252FB91-3744-43A5-82A2-9679C934903C}.Release|Any CPU.ActiveCfg = Release|Any CPU
		{A252FB91-3744-43A5-82A2-9679C934903C}.Release|Any CPU.Build.0 = Release|Any CPU
	EndGlobalSection
	GlobalSection(SolutionProperties) = preSolution
		HideSolutionNode = FALSE
	EndGlobalSection
EndGlobal
